// !$*UTF8*$!
{
	archiveVersion = 1;
	classes = {
	};
	objectVersion = 56;
	objects = {

/* Begin PBXBuildFile section */
		B71DC3062BA4F35500F423AC /* NXRadioButton.swift in Sources */ = {isa = PBXBuildFile; fileRef = B71DC3052BA4F35500F423AC /* NXRadioButton.swift */; };
		B7338FD32BAA420500332486 /* ToastView.swift in Sources */ = {isa = PBXBuildFile; fileRef = B7338FD22BAA420500332486 /* ToastView.swift */; };
		B7338FD62BAA42AC00332486 /* ToastEnv.swift in Sources */ = {isa = PBXBuildFile; fileRef = B7338FD52BAA42AC00332486 /* ToastEnv.swift */; };
		B7338FD82BAA434F00332486 /* ErrorEnv.swift in Sources */ = {isa = PBXBuildFile; fileRef = B7338FD72BAA434F00332486 /* ErrorEnv.swift */; };
		B7338FDA2BAA471300332486 /* ErrorWrapper.swift in Sources */ = {isa = PBXBuildFile; fileRef = B7338FD92BAA471300332486 /* ErrorWrapper.swift */; };
		B7338FDF2BAA4A0100332486 /* NXSegmentedPicker.swift in Sources */ = {isa = PBXBuildFile; fileRef = B7338FDE2BAA4A0100332486 /* NXSegmentedPicker.swift */; };
		B7338FE12BAA4A4E00332486 /* AnimationEffectModifier.swift in Sources */ = {isa = PBXBuildFile; fileRef = B7338FE02BAA4A4E00332486 /* AnimationEffectModifier.swift */; };
		B7338FE32BAA4AC800332486 /* PickerStyleModifier.swift in Sources */ = {isa = PBXBuildFile; fileRef = B7338FE22BAA4AC800332486 /* PickerStyleModifier.swift */; };
		B7338FE52BAA4C2600332486 /* MessageSheetView.swift in Sources */ = {isa = PBXBuildFile; fileRef = B7338FE42BAA4C2600332486 /* MessageSheetView.swift */; };
		B7384B2D2BA5E9BC00A0BDB0 /* AnimatedText.swift in Sources */ = {isa = PBXBuildFile; fileRef = B7384B2C2BA5E9BC00A0BDB0 /* AnimatedText.swift */; };
		B7384B312BA5F71800A0BDB0 /* WheelPicker.swift in Sources */ = {isa = PBXBuildFile; fileRef = B7384B302BA5F71800A0BDB0 /* WheelPicker.swift */; };
		B73DE3902B9B8B2B009BFFCD /* NutrexApp.swift in Sources */ = {isa = PBXBuildFile; fileRef = B73DE38F2B9B8B2B009BFFCD /* NutrexApp.swift */; };
		B73DE3942B9B8B2D009BFFCD /* Assets.xcassets in Resources */ = {isa = PBXBuildFile; fileRef = B73DE3932B9B8B2D009BFFCD /* Assets.xcassets */; };
		B73DE3972B9B8B2D009BFFCD /* Preview Assets.xcassets in Resources */ = {isa = PBXBuildFile; fileRef = B73DE3962B9B8B2D009BFFCD /* Preview Assets.xcassets */; };
		B74223EE2BA1E1FA00A9C0FC /* Audiowide-Regular.ttf in Resources */ = {isa = PBXBuildFile; fileRef = B74223ED2BA1E1FA00A9C0FC /* Audiowide-Regular.ttf */; };
		B742240C2BA1E4AD00A9C0FC /* FontExt.swift in Sources */ = {isa = PBXBuildFile; fileRef = B742240B2BA1E4AD00A9C0FC /* FontExt.swift */; };
		B742241A2BA1F0E400A9C0FC /* Neuropolitical.ttf in Resources */ = {isa = PBXBuildFile; fileRef = B74224192BA1F0E400A9C0FC /* Neuropolitical.ttf */; };
		B74224212BA1F14D00A9C0FC /* Orbitron-Bold.ttf in Resources */ = {isa = PBXBuildFile; fileRef = B742241B2BA1F14C00A9C0FC /* Orbitron-Bold.ttf */; };
		B74224222BA1F14D00A9C0FC /* Orbitron-Medium.ttf in Resources */ = {isa = PBXBuildFile; fileRef = B742241C2BA1F14D00A9C0FC /* Orbitron-Medium.ttf */; };
		B74224232BA1F14D00A9C0FC /* Orbitron-ExtraBold.ttf in Resources */ = {isa = PBXBuildFile; fileRef = B742241D2BA1F14D00A9C0FC /* Orbitron-ExtraBold.ttf */; };
		B74224242BA1F14D00A9C0FC /* Orbitron-Regular.ttf in Resources */ = {isa = PBXBuildFile; fileRef = B742241E2BA1F14D00A9C0FC /* Orbitron-Regular.ttf */; };
		B74224252BA1F14D00A9C0FC /* Orbitron-Black.ttf in Resources */ = {isa = PBXBuildFile; fileRef = B742241F2BA1F14D00A9C0FC /* Orbitron-Black.ttf */; };
		B74224262BA1F14D00A9C0FC /* Orbitron-SemiBold.ttf in Resources */ = {isa = PBXBuildFile; fileRef = B74224202BA1F14D00A9C0FC /* Orbitron-SemiBold.ttf */; };
		B74224282BA1F1A100A9C0FC /* BlackOpsOne-Regular.ttf in Resources */ = {isa = PBXBuildFile; fileRef = B74224272BA1F1A100A9C0FC /* BlackOpsOne-Regular.ttf */; };
		B742242C2BA1FAB200A9C0FC /* AppLogo.swift in Sources */ = {isa = PBXBuildFile; fileRef = B742242B2BA1FAB200A9C0FC /* AppLogo.swift */; };
		B74224312BA1FDF100A9C0FC /* NXFormField.swift in Sources */ = {isa = PBXBuildFile; fileRef = B74224302BA1FDF100A9C0FC /* NXFormField.swift */; };
		B74224332BA203E900A9C0FC /* ViewExt.swift in Sources */ = {isa = PBXBuildFile; fileRef = B74224322BA203E900A9C0FC /* ViewExt.swift */; };
		B74224352BA2040D00A9C0FC /* StrokedModifier.swift in Sources */ = {isa = PBXBuildFile; fileRef = B74224342BA2040D00A9C0FC /* StrokedModifier.swift */; };
		B769A08C2BA23F5000878070 /* NXButton.swift in Sources */ = {isa = PBXBuildFile; fileRef = B769A08B2BA23F5000878070 /* NXButton.swift */; };
		B769A08F2BA2559B00878070 /* Separator.swift in Sources */ = {isa = PBXBuildFile; fileRef = B769A08E2BA2559B00878070 /* Separator.swift */; };
		B769A0922BA2563B00878070 /* NXIcon.swift in Sources */ = {isa = PBXBuildFile; fileRef = B769A0912BA2563B00878070 /* NXIcon.swift */; };
		B7868C8C2BA77C7C00362341 /* DateEnv.swift in Sources */ = {isa = PBXBuildFile; fileRef = B7868C8B2BA77C7C00362341 /* DateEnv.swift */; };
		B7A91D8A2B9F280D007D493A /* Launch Screen.storyboard in Resources */ = {isa = PBXBuildFile; fileRef = B7A91D892B9F280D007D493A /* Launch Screen.storyboard */; };
		B7A91DC32B9F35A9007D493A /* FirebaseAnalytics in Frameworks */ = {isa = PBXBuildFile; productRef = B7A91DC22B9F35A9007D493A /* FirebaseAnalytics */; };
		B7A91DC52B9F35A9007D493A /* FirebaseAnalyticsOnDeviceConversion in Frameworks */ = {isa = PBXBuildFile; productRef = B7A91DC42B9F35A9007D493A /* FirebaseAnalyticsOnDeviceConversion */; };
		B7A91DC72B9F35A9007D493A /* FirebaseAnalyticsSwift in Frameworks */ = {isa = PBXBuildFile; productRef = B7A91DC62B9F35A9007D493A /* FirebaseAnalyticsSwift */; };
		B7A91DC92B9F35A9007D493A /* FirebaseAnalyticsWithoutAdIdSupport in Frameworks */ = {isa = PBXBuildFile; productRef = B7A91DC82B9F35A9007D493A /* FirebaseAnalyticsWithoutAdIdSupport */; };
		B7A91DCB2B9F35A9007D493A /* FirebaseAppCheck in Frameworks */ = {isa = PBXBuildFile; productRef = B7A91DCA2B9F35A9007D493A /* FirebaseAppCheck */; };
		B7A91DCE2B9F3839007D493A /* AuthenticationStore.swift in Sources */ = {isa = PBXBuildFile; fileRef = B7A91DCD2B9F3839007D493A /* AuthenticationStore.swift */; };
		B7A91DD32B9F3DFC007D493A /* FirebaseFirestoreSwift in Frameworks */ = {isa = PBXBuildFile; productRef = B7A91DD22B9F3DFC007D493A /* FirebaseFirestoreSwift */; };
		B7A91DD52B9F3E11007D493A /* FirebaseAuth in Frameworks */ = {isa = PBXBuildFile; productRef = B7A91DD42B9F3E11007D493A /* FirebaseAuth */; };
		B7A91DDA2B9F5E35007D493A /* FireStore.swift in Sources */ = {isa = PBXBuildFile; fileRef = B7A91DD92B9F5E35007D493A /* FireStore.swift */; };
		B7C89B752BA38846001B7B46 /* UserStore.swift in Sources */ = {isa = PBXBuildFile; fileRef = B7C89B742BA38846001B7B46 /* UserStore.swift */; };
		B7C89B772BA3AD0E001B7B46 /* GoogleService-Info.plist in Resources */ = {isa = PBXBuildFile; fileRef = B7C89B762BA3AD0E001B7B46 /* GoogleService-Info.plist */; };
		B7D50E752BA7BC9800DF0E51 /* FirebaseStore.swift in Sources */ = {isa = PBXBuildFile; fileRef = B7D50E742BA7BC9800DF0E51 /* FirebaseStore.swift */; };
		B7D731B12BA08B4000C94A2D /* AuthErrors.swift in Sources */ = {isa = PBXBuildFile; fileRef = B7D731B02BA08B4000C94A2D /* AuthErrors.swift */; };
		B7D731B42BA09B9600C94A2D /* AppCoordinator.swift in Sources */ = {isa = PBXBuildFile; fileRef = B7D731B32BA09B9600C94A2D /* AppCoordinator.swift */; };
		B7D731B62BA09C0200C94A2D /* AuthenticationScreen.swift in Sources */ = {isa = PBXBuildFile; fileRef = B7D731B52BA09C0200C94A2D /* AuthenticationScreen.swift */; };
		B7D731C12BA09D4D00C94A2D /* ProfileSetupScreen.swift in Sources */ = {isa = PBXBuildFile; fileRef = B7D731C02BA09D4D00C94A2D /* ProfileSetupScreen.swift */; };
		B7D731C32BA09D6100C94A2D /* NutritionDiaryScreen.swift in Sources */ = {isa = PBXBuildFile; fileRef = B7D731C22BA09D6100C94A2D /* NutritionDiaryScreen.swift */; };
		B7D731C62BA09ECD00C94A2D /* NutrexDataModel.xcdatamodeld in Sources */ = {isa = PBXBuildFile; fileRef = B7D731C42BA09ECD00C94A2D /* NutrexDataModel.xcdatamodeld */; };
		B7D731C82BA09F9100C94A2D /* Foods.json in Resources */ = {isa = PBXBuildFile; fileRef = B7D731C72BA09F9100C94A2D /* Foods.json */; };
		B7D731CB2BA0A00100C94A2D /* CoreDataController.swift in Sources */ = {isa = PBXBuildFile; fileRef = B7D731CA2BA0A00100C94A2D /* CoreDataController.swift */; };
		B7D731E62BA0A08400C94A2D /* DailyNutrition+CoreDataClass.swift in Sources */ = {isa = PBXBuildFile; fileRef = B7D731CE2BA0A08300C94A2D /* DailyNutrition+CoreDataClass.swift */; };
		B7D731E72BA0A08400C94A2D /* DailyNutrition+CoreDataProperties.swift in Sources */ = {isa = PBXBuildFile; fileRef = B7D731CF2BA0A08300C94A2D /* DailyNutrition+CoreDataProperties.swift */; };
		B7D731E82BA0A08400C94A2D /* Diary+CoreDataClass.swift in Sources */ = {isa = PBXBuildFile; fileRef = B7D731D02BA0A08300C94A2D /* Diary+CoreDataClass.swift */; };
		B7D731E92BA0A08400C94A2D /* Diary+CoreDataProperties.swift in Sources */ = {isa = PBXBuildFile; fileRef = B7D731D12BA0A08300C94A2D /* Diary+CoreDataProperties.swift */; };
		B7D731EA2BA0A08400C94A2D /* MeasurementUnit+CoreDataClass.swift in Sources */ = {isa = PBXBuildFile; fileRef = B7D731D22BA0A08300C94A2D /* MeasurementUnit+CoreDataClass.swift */; };
		B7D731EB2BA0A08400C94A2D /* MeasurementUnit+CoreDataProperties.swift in Sources */ = {isa = PBXBuildFile; fileRef = B7D731D32BA0A08400C94A2D /* MeasurementUnit+CoreDataProperties.swift */; };
		B7D731EC2BA0A08400C94A2D /* Exercise+CoreDataClass.swift in Sources */ = {isa = PBXBuildFile; fileRef = B7D731D42BA0A08400C94A2D /* Exercise+CoreDataClass.swift */; };
		B7D731ED2BA0A08400C94A2D /* Exercise+CoreDataProperties.swift in Sources */ = {isa = PBXBuildFile; fileRef = B7D731D52BA0A08400C94A2D /* Exercise+CoreDataProperties.swift */; };
		B7D731EE2BA0A08400C94A2D /* RoutineMeal+CoreDataClass.swift in Sources */ = {isa = PBXBuildFile; fileRef = B7D731D62BA0A08400C94A2D /* RoutineMeal+CoreDataClass.swift */; };
		B7D731EF2BA0A08400C94A2D /* RoutineMeal+CoreDataProperties.swift in Sources */ = {isa = PBXBuildFile; fileRef = B7D731D72BA0A08400C94A2D /* RoutineMeal+CoreDataProperties.swift */; };
		B7D731F02BA0A08400C94A2D /* Meal+CoreDataClass.swift in Sources */ = {isa = PBXBuildFile; fileRef = B7D731D82BA0A08400C94A2D /* Meal+CoreDataClass.swift */; };
		B7D731F12BA0A08400C94A2D /* Meal+CoreDataProperties.swift in Sources */ = {isa = PBXBuildFile; fileRef = B7D731D92BA0A08400C94A2D /* Meal+CoreDataProperties.swift */; };
		B7D731F22BA0A08400C94A2D /* NutritionalInfo+CoreDataClass.swift in Sources */ = {isa = PBXBuildFile; fileRef = B7D731DA2BA0A08400C94A2D /* NutritionalInfo+CoreDataClass.swift */; };
		B7D731F32BA0A08400C94A2D /* NutritionalInfo+CoreDataProperties.swift in Sources */ = {isa = PBXBuildFile; fileRef = B7D731DB2BA0A08400C94A2D /* NutritionalInfo+CoreDataProperties.swift */; };
		B7D731F42BA0A08400C94A2D /* HistoryItem+CoreDataClass.swift in Sources */ = {isa = PBXBuildFile; fileRef = B7D731DC2BA0A08400C94A2D /* HistoryItem+CoreDataClass.swift */; };
		B7D731F52BA0A08400C94A2D /* HistoryItem+CoreDataProperties.swift in Sources */ = {isa = PBXBuildFile; fileRef = B7D731DD2BA0A08400C94A2D /* HistoryItem+CoreDataProperties.swift */; };
		B7D731F62BA0A08400C94A2D /* DailyWorkout+CoreDataClass.swift in Sources */ = {isa = PBXBuildFile; fileRef = B7D731DE2BA0A08400C94A2D /* DailyWorkout+CoreDataClass.swift */; };
		B7D731F72BA0A08400C94A2D /* DailyWorkout+CoreDataProperties.swift in Sources */ = {isa = PBXBuildFile; fileRef = B7D731DF2BA0A08400C94A2D /* DailyWorkout+CoreDataProperties.swift */; };
		B7D731F82BA0A08400C94A2D /* WorkoutPlan+CoreDataClass.swift in Sources */ = {isa = PBXBuildFile; fileRef = B7D731E02BA0A08400C94A2D /* WorkoutPlan+CoreDataClass.swift */; };
		B7D731F92BA0A08400C94A2D /* WorkoutPlan+CoreDataProperties.swift in Sources */ = {isa = PBXBuildFile; fileRef = B7D731E12BA0A08400C94A2D /* WorkoutPlan+CoreDataProperties.swift */; };
		B7D731FA2BA0A08400C94A2D /* Food+CoreDataClass.swift in Sources */ = {isa = PBXBuildFile; fileRef = B7D731E22BA0A08400C94A2D /* Food+CoreDataClass.swift */; };
		B7D731FB2BA0A08400C94A2D /* Food+CoreDataProperties.swift in Sources */ = {isa = PBXBuildFile; fileRef = B7D731E32BA0A08400C94A2D /* Food+CoreDataProperties.swift */; };
		B7D731FF2BA0A12400C94A2D /* User+CoreDataClass.swift in Sources */ = {isa = PBXBuildFile; fileRef = B7D731FD2BA0A12400C94A2D /* User+CoreDataClass.swift */; };
		B7D732002BA0A12400C94A2D /* User+CoreDataProperties.swift in Sources */ = {isa = PBXBuildFile; fileRef = B7D731FE2BA0A12400C94A2D /* User+CoreDataProperties.swift */; };
		B7D7320D2BA0A3C900C94A2D /* Bundle-Decodable.swift in Sources */ = {isa = PBXBuildFile; fileRef = B7D7320C2BA0A3C900C94A2D /* Bundle-Decodable.swift */; };
		B7D732112BA0A7FA00C94A2D /* NutritionCalc.swift in Sources */ = {isa = PBXBuildFile; fileRef = B7D732102BA0A7FA00C94A2D /* NutritionCalc.swift */; };
		B7D732132BA0A86F00C94A2D /* DateExt.swift in Sources */ = {isa = PBXBuildFile; fileRef = B7D732122BA0A86F00C94A2D /* DateExt.swift */; };
		B7D732452BA0B2F800C94A2D /* Fonts.swift in Sources */ = {isa = PBXBuildFile; fileRef = B7D732442BA0B2F800C94A2D /* Fonts.swift */; };
		B7E2DE142BA329EE0084FD23 /* Ubuntu-Light.ttf in Resources */ = {isa = PBXBuildFile; fileRef = B7E2DE0C2BA329EE0084FD23 /* Ubuntu-Light.ttf */; };
		B7E2DE152BA329EE0084FD23 /* Ubuntu-LightItalic.ttf in Resources */ = {isa = PBXBuildFile; fileRef = B7E2DE0D2BA329EE0084FD23 /* Ubuntu-LightItalic.ttf */; };
		B7E2DE172BA329EE0084FD23 /* Ubuntu-Italic.ttf in Resources */ = {isa = PBXBuildFile; fileRef = B7E2DE0F2BA329EE0084FD23 /* Ubuntu-Italic.ttf */; };
		B7E2DE182BA329EE0084FD23 /* Ubuntu-MediumItalic.ttf in Resources */ = {isa = PBXBuildFile; fileRef = B7E2DE102BA329EE0084FD23 /* Ubuntu-MediumItalic.ttf */; };
		B7E2DE192BA329EE0084FD23 /* Ubuntu-BoldItalic.ttf in Resources */ = {isa = PBXBuildFile; fileRef = B7E2DE112BA329EE0084FD23 /* Ubuntu-BoldItalic.ttf */; };
		B7E2DE1A2BA329EE0084FD23 /* Ubuntu-Medium.ttf in Resources */ = {isa = PBXBuildFile; fileRef = B7E2DE122BA329EE0084FD23 /* Ubuntu-Medium.ttf */; };
		B7E2DE1B2BA329EE0084FD23 /* Ubuntu-Bold.ttf in Resources */ = {isa = PBXBuildFile; fileRef = B7E2DE132BA329EE0084FD23 /* Ubuntu-Bold.ttf */; };
		B7E2DE1D2BA350080084FD23 /* LoadingScreen.swift in Sources */ = {isa = PBXBuildFile; fileRef = B7E2DE1C2BA350080084FD23 /* LoadingScreen.swift */; };
/* End PBXBuildFile section */

/* Begin PBXFileReference section */
		B71DC3052BA4F35500F423AC /* NXRadioButton.swift */ = {isa = PBXFileReference; lastKnownFileType = sourcecode.swift; path = NXRadioButton.swift; sourceTree = "<group>"; };
		B7338FD22BAA420500332486 /* ToastView.swift */ = {isa = PBXFileReference; lastKnownFileType = sourcecode.swift; path = ToastView.swift; sourceTree = "<group>"; };
		B7338FD52BAA42AC00332486 /* ToastEnv.swift */ = {isa = PBXFileReference; lastKnownFileType = sourcecode.swift; path = ToastEnv.swift; sourceTree = "<group>"; };
		B7338FD72BAA434F00332486 /* ErrorEnv.swift */ = {isa = PBXFileReference; lastKnownFileType = sourcecode.swift; path = ErrorEnv.swift; sourceTree = "<group>"; };
		B7338FD92BAA471300332486 /* ErrorWrapper.swift */ = {isa = PBXFileReference; lastKnownFileType = sourcecode.swift; path = ErrorWrapper.swift; sourceTree = "<group>"; };
		B7338FDE2BAA4A0100332486 /* NXSegmentedPicker.swift */ = {isa = PBXFileReference; lastKnownFileType = sourcecode.swift; path = NXSegmentedPicker.swift; sourceTree = "<group>"; };
		B7338FE02BAA4A4E00332486 /* AnimationEffectModifier.swift */ = {isa = PBXFileReference; lastKnownFileType = sourcecode.swift; path = AnimationEffectModifier.swift; sourceTree = "<group>"; };
		B7338FE22BAA4AC800332486 /* PickerStyleModifier.swift */ = {isa = PBXFileReference; lastKnownFileType = sourcecode.swift; path = PickerStyleModifier.swift; sourceTree = "<group>"; };
		B7338FE42BAA4C2600332486 /* MessageSheetView.swift */ = {isa = PBXFileReference; lastKnownFileType = sourcecode.swift; path = MessageSheetView.swift; sourceTree = "<group>"; };
		B7384B2C2BA5E9BC00A0BDB0 /* AnimatedText.swift */ = {isa = PBXFileReference; lastKnownFileType = sourcecode.swift; path = AnimatedText.swift; sourceTree = "<group>"; };
		B7384B302BA5F71800A0BDB0 /* WheelPicker.swift */ = {isa = PBXFileReference; lastKnownFileType = sourcecode.swift; path = WheelPicker.swift; sourceTree = "<group>"; };
		B73DE38C2B9B8B2B009BFFCD /* Nutrex.app */ = {isa = PBXFileReference; explicitFileType = wrapper.application; includeInIndex = 0; path = Nutrex.app; sourceTree = BUILT_PRODUCTS_DIR; };
		B73DE38F2B9B8B2B009BFFCD /* NutrexApp.swift */ = {isa = PBXFileReference; lastKnownFileType = sourcecode.swift; path = NutrexApp.swift; sourceTree = "<group>"; };
		B73DE3932B9B8B2D009BFFCD /* Assets.xcassets */ = {isa = PBXFileReference; lastKnownFileType = folder.assetcatalog; path = Assets.xcassets; sourceTree = "<group>"; };
		B73DE3962B9B8B2D009BFFCD /* Preview Assets.xcassets */ = {isa = PBXFileReference; lastKnownFileType = folder.assetcatalog; path = "Preview Assets.xcassets"; sourceTree = "<group>"; };
		B74223ED2BA1E1FA00A9C0FC /* Audiowide-Regular.ttf */ = {isa = PBXFileReference; lastKnownFileType = file; path = "Audiowide-Regular.ttf"; sourceTree = "<group>"; };
		B742240B2BA1E4AD00A9C0FC /* FontExt.swift */ = {isa = PBXFileReference; lastKnownFileType = sourcecode.swift; path = FontExt.swift; sourceTree = "<group>"; };
		B74224192BA1F0E400A9C0FC /* Neuropolitical.ttf */ = {isa = PBXFileReference; lastKnownFileType = file; path = Neuropolitical.ttf; sourceTree = "<group>"; };
		B742241B2BA1F14C00A9C0FC /* Orbitron-Bold.ttf */ = {isa = PBXFileReference; lastKnownFileType = file; path = "Orbitron-Bold.ttf"; sourceTree = "<group>"; };
		B742241C2BA1F14D00A9C0FC /* Orbitron-Medium.ttf */ = {isa = PBXFileReference; lastKnownFileType = file; path = "Orbitron-Medium.ttf"; sourceTree = "<group>"; };
		B742241D2BA1F14D00A9C0FC /* Orbitron-ExtraBold.ttf */ = {isa = PBXFileReference; lastKnownFileType = file; path = "Orbitron-ExtraBold.ttf"; sourceTree = "<group>"; };
		B742241E2BA1F14D00A9C0FC /* Orbitron-Regular.ttf */ = {isa = PBXFileReference; lastKnownFileType = file; path = "Orbitron-Regular.ttf"; sourceTree = "<group>"; };
		B742241F2BA1F14D00A9C0FC /* Orbitron-Black.ttf */ = {isa = PBXFileReference; lastKnownFileType = file; path = "Orbitron-Black.ttf"; sourceTree = "<group>"; };
		B74224202BA1F14D00A9C0FC /* Orbitron-SemiBold.ttf */ = {isa = PBXFileReference; lastKnownFileType = file; path = "Orbitron-SemiBold.ttf"; sourceTree = "<group>"; };
		B74224272BA1F1A100A9C0FC /* BlackOpsOne-Regular.ttf */ = {isa = PBXFileReference; lastKnownFileType = file; path = "BlackOpsOne-Regular.ttf"; sourceTree = "<group>"; };
		B742242B2BA1FAB200A9C0FC /* AppLogo.swift */ = {isa = PBXFileReference; lastKnownFileType = sourcecode.swift; path = AppLogo.swift; sourceTree = "<group>"; };
		B74224302BA1FDF100A9C0FC /* NXFormField.swift */ = {isa = PBXFileReference; lastKnownFileType = sourcecode.swift; path = NXFormField.swift; sourceTree = "<group>"; };
		B74224322BA203E900A9C0FC /* ViewExt.swift */ = {isa = PBXFileReference; lastKnownFileType = sourcecode.swift; path = ViewExt.swift; sourceTree = "<group>"; };
		B74224342BA2040D00A9C0FC /* StrokedModifier.swift */ = {isa = PBXFileReference; lastKnownFileType = sourcecode.swift; path = StrokedModifier.swift; sourceTree = "<group>"; };
		B769A08B2BA23F5000878070 /* NXButton.swift */ = {isa = PBXFileReference; lastKnownFileType = sourcecode.swift; path = NXButton.swift; sourceTree = "<group>"; };
		B769A08E2BA2559B00878070 /* Separator.swift */ = {isa = PBXFileReference; lastKnownFileType = sourcecode.swift; path = Separator.swift; sourceTree = "<group>"; };
		B769A0912BA2563B00878070 /* NXIcon.swift */ = {isa = PBXFileReference; lastKnownFileType = sourcecode.swift; path = NXIcon.swift; sourceTree = "<group>"; };
		B7868C8B2BA77C7C00362341 /* DateEnv.swift */ = {isa = PBXFileReference; lastKnownFileType = sourcecode.swift; path = DateEnv.swift; sourceTree = "<group>"; };
		B7A91D892B9F280D007D493A /* Launch Screen.storyboard */ = {isa = PBXFileReference; lastKnownFileType = file.storyboard; path = "Launch Screen.storyboard"; sourceTree = "<group>"; };
		B7A91DCD2B9F3839007D493A /* AuthenticationStore.swift */ = {isa = PBXFileReference; lastKnownFileType = sourcecode.swift; path = AuthenticationStore.swift; sourceTree = "<group>"; };
		B7A91DD92B9F5E35007D493A /* FireStore.swift */ = {isa = PBXFileReference; lastKnownFileType = sourcecode.swift; path = FireStore.swift; sourceTree = "<group>"; };
		B7C89B742BA38846001B7B46 /* UserStore.swift */ = {isa = PBXFileReference; lastKnownFileType = sourcecode.swift; path = UserStore.swift; sourceTree = "<group>"; };
		B7C89B762BA3AD0E001B7B46 /* GoogleService-Info.plist */ = {isa = PBXFileReference; fileEncoding = 4; lastKnownFileType = text.plist.xml; path = "GoogleService-Info.plist"; sourceTree = "<group>"; };
		B7D50E742BA7BC9800DF0E51 /* FirebaseStore.swift */ = {isa = PBXFileReference; lastKnownFileType = sourcecode.swift; path = FirebaseStore.swift; sourceTree = "<group>"; };
		B7D731B02BA08B4000C94A2D /* AuthErrors.swift */ = {isa = PBXFileReference; lastKnownFileType = sourcecode.swift; path = AuthErrors.swift; sourceTree = "<group>"; };
		B7D731B32BA09B9600C94A2D /* AppCoordinator.swift */ = {isa = PBXFileReference; lastKnownFileType = sourcecode.swift; path = AppCoordinator.swift; sourceTree = "<group>"; };
		B7D731B52BA09C0200C94A2D /* AuthenticationScreen.swift */ = {isa = PBXFileReference; lastKnownFileType = sourcecode.swift; path = AuthenticationScreen.swift; sourceTree = "<group>"; };
		B7D731C02BA09D4D00C94A2D /* ProfileSetupScreen.swift */ = {isa = PBXFileReference; lastKnownFileType = sourcecode.swift; path = ProfileSetupScreen.swift; sourceTree = "<group>"; };
		B7D731C22BA09D6100C94A2D /* NutritionDiaryScreen.swift */ = {isa = PBXFileReference; lastKnownFileType = sourcecode.swift; path = NutritionDiaryScreen.swift; sourceTree = "<group>"; };
		B7D731C52BA09ECD00C94A2D /* NutrexDataModel.xcdatamodel */ = {isa = PBXFileReference; lastKnownFileType = wrapper.xcdatamodel; path = NutrexDataModel.xcdatamodel; sourceTree = "<group>"; };
		B7D731C72BA09F9100C94A2D /* Foods.json */ = {isa = PBXFileReference; fileEncoding = 4; lastKnownFileType = text.json; path = Foods.json; sourceTree = "<group>"; };
		B7D731CA2BA0A00100C94A2D /* CoreDataController.swift */ = {isa = PBXFileReference; lastKnownFileType = sourcecode.swift; path = CoreDataController.swift; sourceTree = "<group>"; };
		B7D731CE2BA0A08300C94A2D /* DailyNutrition+CoreDataClass.swift */ = {isa = PBXFileReference; lastKnownFileType = sourcecode.swift; name = "DailyNutrition+CoreDataClass.swift"; path = "Nutrex/Model/DailyNutrition/DailyNutrition+CoreDataClass.swift"; sourceTree = SOURCE_ROOT; };
		B7D731CF2BA0A08300C94A2D /* DailyNutrition+CoreDataProperties.swift */ = {isa = PBXFileReference; lastKnownFileType = sourcecode.swift; name = "DailyNutrition+CoreDataProperties.swift"; path = "Nutrex/Model/DailyNutrition/DailyNutrition+CoreDataProperties.swift"; sourceTree = SOURCE_ROOT; };
		B7D731D02BA0A08300C94A2D /* Diary+CoreDataClass.swift */ = {isa = PBXFileReference; lastKnownFileType = sourcecode.swift; name = "Diary+CoreDataClass.swift"; path = "Nutrex/Model/Diary/Diary+CoreDataClass.swift"; sourceTree = SOURCE_ROOT; };
		B7D731D12BA0A08300C94A2D /* Diary+CoreDataProperties.swift */ = {isa = PBXFileReference; lastKnownFileType = sourcecode.swift; name = "Diary+CoreDataProperties.swift"; path = "Nutrex/Model/Diary/Diary+CoreDataProperties.swift"; sourceTree = SOURCE_ROOT; };
		B7D731D22BA0A08300C94A2D /* MeasurementUnit+CoreDataClass.swift */ = {isa = PBXFileReference; lastKnownFileType = sourcecode.swift; name = "MeasurementUnit+CoreDataClass.swift"; path = "Nutrex/Model/MeasurementUnit/MeasurementUnit+CoreDataClass.swift"; sourceTree = SOURCE_ROOT; };
		B7D731D32BA0A08400C94A2D /* MeasurementUnit+CoreDataProperties.swift */ = {isa = PBXFileReference; lastKnownFileType = sourcecode.swift; name = "MeasurementUnit+CoreDataProperties.swift"; path = "Nutrex/Model/MeasurementUnit/MeasurementUnit+CoreDataProperties.swift"; sourceTree = SOURCE_ROOT; };
		B7D731D42BA0A08400C94A2D /* Exercise+CoreDataClass.swift */ = {isa = PBXFileReference; lastKnownFileType = sourcecode.swift; name = "Exercise+CoreDataClass.swift"; path = "Nutrex/Model/Exercise/Exercise+CoreDataClass.swift"; sourceTree = SOURCE_ROOT; };
		B7D731D52BA0A08400C94A2D /* Exercise+CoreDataProperties.swift */ = {isa = PBXFileReference; lastKnownFileType = sourcecode.swift; name = "Exercise+CoreDataProperties.swift"; path = "Nutrex/Model/Exercise/Exercise+CoreDataProperties.swift"; sourceTree = SOURCE_ROOT; };
		B7D731D62BA0A08400C94A2D /* RoutineMeal+CoreDataClass.swift */ = {isa = PBXFileReference; lastKnownFileType = sourcecode.swift; name = "RoutineMeal+CoreDataClass.swift"; path = "Nutrex/Model/RoutineMeal/RoutineMeal+CoreDataClass.swift"; sourceTree = SOURCE_ROOT; };
		B7D731D72BA0A08400C94A2D /* RoutineMeal+CoreDataProperties.swift */ = {isa = PBXFileReference; lastKnownFileType = sourcecode.swift; name = "RoutineMeal+CoreDataProperties.swift"; path = "Nutrex/Model/RoutineMeal/RoutineMeal+CoreDataProperties.swift"; sourceTree = SOURCE_ROOT; };
		B7D731D82BA0A08400C94A2D /* Meal+CoreDataClass.swift */ = {isa = PBXFileReference; lastKnownFileType = sourcecode.swift; name = "Meal+CoreDataClass.swift"; path = "Nutrex/Model/Meal/Meal+CoreDataClass.swift"; sourceTree = SOURCE_ROOT; };
		B7D731D92BA0A08400C94A2D /* Meal+CoreDataProperties.swift */ = {isa = PBXFileReference; lastKnownFileType = sourcecode.swift; name = "Meal+CoreDataProperties.swift"; path = "Nutrex/Model/Meal/Meal+CoreDataProperties.swift"; sourceTree = SOURCE_ROOT; };
		B7D731DA2BA0A08400C94A2D /* NutritionalInfo+CoreDataClass.swift */ = {isa = PBXFileReference; lastKnownFileType = sourcecode.swift; name = "NutritionalInfo+CoreDataClass.swift"; path = "Nutrex/Model/NutritionalInfo/NutritionalInfo+CoreDataClass.swift"; sourceTree = SOURCE_ROOT; };
		B7D731DB2BA0A08400C94A2D /* NutritionalInfo+CoreDataProperties.swift */ = {isa = PBXFileReference; lastKnownFileType = sourcecode.swift; name = "NutritionalInfo+CoreDataProperties.swift"; path = "Nutrex/Model/NutritionalInfo/NutritionalInfo+CoreDataProperties.swift"; sourceTree = SOURCE_ROOT; };
		B7D731DC2BA0A08400C94A2D /* HistoryItem+CoreDataClass.swift */ = {isa = PBXFileReference; lastKnownFileType = sourcecode.swift; name = "HistoryItem+CoreDataClass.swift"; path = "Nutrex/Model/HistoryItem/HistoryItem+CoreDataClass.swift"; sourceTree = SOURCE_ROOT; };
		B7D731DD2BA0A08400C94A2D /* HistoryItem+CoreDataProperties.swift */ = {isa = PBXFileReference; lastKnownFileType = sourcecode.swift; name = "HistoryItem+CoreDataProperties.swift"; path = "Nutrex/Model/HistoryItem/HistoryItem+CoreDataProperties.swift"; sourceTree = SOURCE_ROOT; };
		B7D731DE2BA0A08400C94A2D /* DailyWorkout+CoreDataClass.swift */ = {isa = PBXFileReference; lastKnownFileType = sourcecode.swift; name = "DailyWorkout+CoreDataClass.swift"; path = "Nutrex/Model/DailyWorkout/DailyWorkout+CoreDataClass.swift"; sourceTree = SOURCE_ROOT; };
		B7D731DF2BA0A08400C94A2D /* DailyWorkout+CoreDataProperties.swift */ = {isa = PBXFileReference; lastKnownFileType = sourcecode.swift; name = "DailyWorkout+CoreDataProperties.swift"; path = "Nutrex/Model/DailyWorkout/DailyWorkout+CoreDataProperties.swift"; sourceTree = SOURCE_ROOT; };
		B7D731E02BA0A08400C94A2D /* WorkoutPlan+CoreDataClass.swift */ = {isa = PBXFileReference; lastKnownFileType = sourcecode.swift; name = "WorkoutPlan+CoreDataClass.swift"; path = "Nutrex/Model/WorkoutPlan/WorkoutPlan+CoreDataClass.swift"; sourceTree = SOURCE_ROOT; };
		B7D731E12BA0A08400C94A2D /* WorkoutPlan+CoreDataProperties.swift */ = {isa = PBXFileReference; lastKnownFileType = sourcecode.swift; name = "WorkoutPlan+CoreDataProperties.swift"; path = "Nutrex/Model/WorkoutPlan/WorkoutPlan+CoreDataProperties.swift"; sourceTree = SOURCE_ROOT; };
		B7D731E22BA0A08400C94A2D /* Food+CoreDataClass.swift */ = {isa = PBXFileReference; lastKnownFileType = sourcecode.swift; name = "Food+CoreDataClass.swift"; path = "Nutrex/Model/Food/Food+CoreDataClass.swift"; sourceTree = SOURCE_ROOT; };
		B7D731E32BA0A08400C94A2D /* Food+CoreDataProperties.swift */ = {isa = PBXFileReference; lastKnownFileType = sourcecode.swift; name = "Food+CoreDataProperties.swift"; path = "Nutrex/Model/Food/Food+CoreDataProperties.swift"; sourceTree = SOURCE_ROOT; };
		B7D731FD2BA0A12400C94A2D /* User+CoreDataClass.swift */ = {isa = PBXFileReference; lastKnownFileType = sourcecode.swift; path = "User+CoreDataClass.swift"; sourceTree = SOURCE_ROOT; };
		B7D731FE2BA0A12400C94A2D /* User+CoreDataProperties.swift */ = {isa = PBXFileReference; lastKnownFileType = sourcecode.swift; path = "User+CoreDataProperties.swift"; sourceTree = SOURCE_ROOT; };
		B7D7320C2BA0A3C900C94A2D /* Bundle-Decodable.swift */ = {isa = PBXFileReference; lastKnownFileType = sourcecode.swift; path = "Bundle-Decodable.swift"; sourceTree = "<group>"; };
		B7D732102BA0A7FA00C94A2D /* NutritionCalc.swift */ = {isa = PBXFileReference; lastKnownFileType = sourcecode.swift; path = NutritionCalc.swift; sourceTree = "<group>"; };
		B7D732122BA0A86F00C94A2D /* DateExt.swift */ = {isa = PBXFileReference; lastKnownFileType = sourcecode.swift; path = DateExt.swift; sourceTree = "<group>"; };
		B7D732412BA0AEDA00C94A2D /* Info.plist */ = {isa = PBXFileReference; lastKnownFileType = text.plist.xml; path = Info.plist; sourceTree = "<group>"; };
		B7D732442BA0B2F800C94A2D /* Fonts.swift */ = {isa = PBXFileReference; lastKnownFileType = sourcecode.swift; path = Fonts.swift; sourceTree = "<group>"; };
		B7E2DE0C2BA329EE0084FD23 /* Ubuntu-Light.ttf */ = {isa = PBXFileReference; lastKnownFileType = file; name = "Ubuntu-Light.ttf"; path = "../../../../../Fonts/Ubuntu/Ubuntu-Light.ttf"; sourceTree = "<group>"; };
		B7E2DE0D2BA329EE0084FD23 /* Ubuntu-LightItalic.ttf */ = {isa = PBXFileReference; lastKnownFileType = file; name = "Ubuntu-LightItalic.ttf"; path = "../../../../../Fonts/Ubuntu/Ubuntu-LightItalic.ttf"; sourceTree = "<group>"; };
		B7E2DE0F2BA329EE0084FD23 /* Ubuntu-Italic.ttf */ = {isa = PBXFileReference; lastKnownFileType = file; name = "Ubuntu-Italic.ttf"; path = "../../../../../Fonts/Ubuntu/Ubuntu-Italic.ttf"; sourceTree = "<group>"; };
		B7E2DE102BA329EE0084FD23 /* Ubuntu-MediumItalic.ttf */ = {isa = PBXFileReference; lastKnownFileType = file; path = "Ubuntu-MediumItalic.ttf"; sourceTree = "<group>"; };
		B7E2DE112BA329EE0084FD23 /* Ubuntu-BoldItalic.ttf */ = {isa = PBXFileReference; lastKnownFileType = file; path = "Ubuntu-BoldItalic.ttf"; sourceTree = "<group>"; };
		B7E2DE122BA329EE0084FD23 /* Ubuntu-Medium.ttf */ = {isa = PBXFileReference; lastKnownFileType = file; name = "Ubuntu-Medium.ttf"; path = "../../../../../Fonts/Ubuntu/Ubuntu-Medium.ttf"; sourceTree = "<group>"; };
		B7E2DE132BA329EE0084FD23 /* Ubuntu-Bold.ttf */ = {isa = PBXFileReference; lastKnownFileType = file; name = "Ubuntu-Bold.ttf"; path = "../../../../../Fonts/Ubuntu/Ubuntu-Bold.ttf"; sourceTree = "<group>"; };
		B7E2DE1C2BA350080084FD23 /* LoadingScreen.swift */ = {isa = PBXFileReference; lastKnownFileType = sourcecode.swift; path = LoadingScreen.swift; sourceTree = "<group>"; };
/* End PBXFileReference section */

/* Begin PBXFrameworksBuildPhase section */
		B73DE3892B9B8B2B009BFFCD /* Frameworks */ = {
			isa = PBXFrameworksBuildPhase;
			buildActionMask = 2147483647;
			files = (
				B7A91DC72B9F35A9007D493A /* FirebaseAnalyticsSwift in Frameworks */,
				B7A91DC32B9F35A9007D493A /* FirebaseAnalytics in Frameworks */,
				B7A91DC52B9F35A9007D493A /* FirebaseAnalyticsOnDeviceConversion in Frameworks */,
				B7A91DCB2B9F35A9007D493A /* FirebaseAppCheck in Frameworks */,
				B7A91DC92B9F35A9007D493A /* FirebaseAnalyticsWithoutAdIdSupport in Frameworks */,
				B7A91DD52B9F3E11007D493A /* FirebaseAuth in Frameworks */,
				B7A91DD32B9F3DFC007D493A /* FirebaseFirestoreSwift in Frameworks */,
			);
			runOnlyForDeploymentPostprocessing = 0;
		};
/* End PBXFrameworksBuildPhase section */

/* Begin PBXGroup section */
		B7338FD12BAA41F100332486 /* Popups */ = {
			isa = PBXGroup;
			children = (
				B7338FD22BAA420500332486 /* ToastView.swift */,
				B7338FE42BAA4C2600332486 /* MessageSheetView.swift */,
			);
			path = Popups;
			sourceTree = "<group>";
		};
		B7338FD42BAA429800332486 /* Popups */ = {
			isa = PBXGroup;
			children = (
				B7338FD52BAA42AC00332486 /* ToastEnv.swift */,
			);
			path = Popups;
			sourceTree = "<group>";
		};
		B7338FDB2BAA497600332486 /* Picker */ = {
			isa = PBXGroup;
			children = (
				B7338FDE2BAA4A0100332486 /* NXSegmentedPicker.swift */,
			);
			path = Picker;
			sourceTree = "<group>";
		};
		B7384B2B2BA5E9A800A0BDB0 /* Text */ = {
			isa = PBXGroup;
			children = (
				B7384B2C2BA5E9BC00A0BDB0 /* AnimatedText.swift */,
			);
			path = Text;
			sourceTree = "<group>";
		};
		B73DE3832B9B8B2A009BFFCD = {
			isa = PBXGroup;
			children = (
				B73DE38E2B9B8B2B009BFFCD /* Nutrex */,
				B73DE38D2B9B8B2B009BFFCD /* Products */,
				B7A91DCF2B9F3D99007D493A /* Frameworks */,
			);
			sourceTree = "<group>";
		};
		B73DE38D2B9B8B2B009BFFCD /* Products */ = {
			isa = PBXGroup;
			children = (
				B73DE38C2B9B8B2B009BFFCD /* Nutrex.app */,
			);
			name = Products;
			sourceTree = "<group>";
		};
		B73DE38E2B9B8B2B009BFFCD /* Nutrex */ = {
			isa = PBXGroup;
			children = (
				B7A91D822B9F2228007D493A /* Source */,
				B7A91D812B9F2220007D493A /* Core */,
				B7A91DCC2B9F3817007D493A /* Stores */,
				B7A91D802B9F2214007D493A /* Model */,
				B7A91D832B9F227A007D493A /* Features */,
			);
			path = Nutrex;
			sourceTree = "<group>";
		};
		B74223EB2BA1E1C700A9C0FC /* Fonts */ = {
			isa = PBXGroup;
			children = (
				B742240A2BA1E2A600A9C0FC /* Ubuntu */,
				B74223FD2BA1E27500A9C0FC /* Orbitron */,
				B74223F22BA1E22400A9C0FC /* Neuropolitical */,
				B74223EF2BA1E20300A9C0FC /* BlackOpsOne */,
				B74223EC2BA1E1D100A9C0FC /* Audiowide */,
			);
			path = Fonts;
			sourceTree = "<group>";
		};
		B74223EC2BA1E1D100A9C0FC /* Audiowide */ = {
			isa = PBXGroup;
			children = (
				B74223ED2BA1E1FA00A9C0FC /* Audiowide-Regular.ttf */,
			);
			path = Audiowide;
			sourceTree = "<group>";
		};
		B74223EF2BA1E20300A9C0FC /* BlackOpsOne */ = {
			isa = PBXGroup;
			children = (
				B74224272BA1F1A100A9C0FC /* BlackOpsOne-Regular.ttf */,
			);
			path = BlackOpsOne;
			sourceTree = "<group>";
		};
		B74223F22BA1E22400A9C0FC /* Neuropolitical */ = {
			isa = PBXGroup;
			children = (
				B74224192BA1F0E400A9C0FC /* Neuropolitical.ttf */,
			);
			path = Neuropolitical;
			sourceTree = "<group>";
		};
		B74223FD2BA1E27500A9C0FC /* Orbitron */ = {
			isa = PBXGroup;
			children = (
				B742241F2BA1F14D00A9C0FC /* Orbitron-Black.ttf */,
				B742241B2BA1F14C00A9C0FC /* Orbitron-Bold.ttf */,
				B742241D2BA1F14D00A9C0FC /* Orbitron-ExtraBold.ttf */,
				B742241C2BA1F14D00A9C0FC /* Orbitron-Medium.ttf */,
				B742241E2BA1F14D00A9C0FC /* Orbitron-Regular.ttf */,
				B74224202BA1F14D00A9C0FC /* Orbitron-SemiBold.ttf */,
			);
			path = Orbitron;
			sourceTree = "<group>";
		};
		B742240A2BA1E2A600A9C0FC /* Ubuntu */ = {
			isa = PBXGroup;
			children = (
				B7E2DE132BA329EE0084FD23 /* Ubuntu-Bold.ttf */,
				B7E2DE112BA329EE0084FD23 /* Ubuntu-BoldItalic.ttf */,
				B7E2DE0F2BA329EE0084FD23 /* Ubuntu-Italic.ttf */,
				B7E2DE0C2BA329EE0084FD23 /* Ubuntu-Light.ttf */,
				B7E2DE0D2BA329EE0084FD23 /* Ubuntu-LightItalic.ttf */,
				B7E2DE122BA329EE0084FD23 /* Ubuntu-Medium.ttf */,
				B7E2DE102BA329EE0084FD23 /* Ubuntu-MediumItalic.ttf */,
			);
			path = Ubuntu;
			sourceTree = "<group>";
		};
		B742242F2BA1FDBE00A9C0FC /* Input */ = {
			isa = PBXGroup;
			children = (
				B74224302BA1FDF100A9C0FC /* NXFormField.swift */,
			);
			path = Input;
			sourceTree = "<group>";
		};
		B769A08A2BA23F2B00878070 /* Button */ = {
			isa = PBXGroup;
			children = (
				B769A08B2BA23F5000878070 /* NXButton.swift */,
				B71DC3052BA4F35500F423AC /* NXRadioButton.swift */,
			);
			path = Button;
			sourceTree = "<group>";
		};
		B769A08D2BA2558800878070 /* Other */ = {
			isa = PBXGroup;
			children = (
				B742242B2BA1FAB200A9C0FC /* AppLogo.swift */,
				B769A08E2BA2559B00878070 /* Separator.swift */,
				B7E2DE1C2BA350080084FD23 /* LoadingScreen.swift */,
				B7384B302BA5F71800A0BDB0 /* WheelPicker.swift */,
			);
			path = Other;
			sourceTree = "<group>";
		};
		B769A0902BA2562400878070 /* Image */ = {
			isa = PBXGroup;
			children = (
				B769A0912BA2563B00878070 /* NXIcon.swift */,
			);
			path = Image;
			sourceTree = "<group>";
		};
		B7A91D802B9F2214007D493A /* Model */ = {
			isa = PBXGroup;
			children = (
				B7D7320B2BA0A1B000C94A2D /* Food */,
				B7D7320A2BA0A1A200C94A2D /* WorkoutPlan */,
				B7D732092BA0A19400C94A2D /* DailyWorkout */,
				B7D732082BA0A18600C94A2D /* HistoryItem */,
				B7D732072BA0A17900C94A2D /* NutritionalInfo */,
				B7D732062BA0A16E00C94A2D /* Meal */,
				B7D732052BA0A16300C94A2D /* RoutineMeal */,
				B7D732042BA0A15800C94A2D /* Exercise */,
				B7D732032BA0A14200C94A2D /* MeasurementUnit */,
				B7D732022BA0A13500C94A2D /* Diary */,
				B7D732012BA0A12800C94A2D /* DailyNutrition */,
				B7D731FC2BA0A08E00C94A2D /* User */,
			);
			path = Model;
			sourceTree = "<group>";
		};
		B7A91D812B9F2220007D493A /* Core */ = {
			isa = PBXGroup;
			children = (
				B7D731C92BA09FF200C94A2D /* Stores */,
				B7D731BE2BA09D2000C94A2D /* Components */,
				B7D731BB2BA09CF400C94A2D /* Helpers */,
				B7D731B22BA08C5200C94A2D /* Error */,
				B7A91DD62B9F52A3007D493A /* Environment */,
				B7A91D852B9F2293007D493A /* App */,
			);
			path = Core;
			sourceTree = "<group>";
		};
		B7A91D822B9F2228007D493A /* Source */ = {
			isa = PBXGroup;
			children = (
				B7D731C72BA09F9100C94A2D /* Foods.json */,
				B74223EB2BA1E1C700A9C0FC /* Fonts */,
				B73DE3932B9B8B2D009BFFCD /* Assets.xcassets */,
				B73DE3962B9B8B2D009BFFCD /* Preview Assets.xcassets */,
				B7A91D892B9F280D007D493A /* Launch Screen.storyboard */,
				B7D732412BA0AEDA00C94A2D /* Info.plist */,
				B7C89B762BA3AD0E001B7B46 /* GoogleService-Info.plist */,
				B7D731C42BA09ECD00C94A2D /* NutrexDataModel.xcdatamodeld */,
			);
			path = Source;
			sourceTree = "<group>";
		};
		B7A91D832B9F227A007D493A /* Features */ = {
			isa = PBXGroup;
			children = (
				B7D731BF2BA09D3700C94A2D /* ProfileSetup */,
				B7D731B82BA09C3D00C94A2D /* Nutrition */,
				B7A91D862B9F22D0007D493A /* Authentication */,
			);
			path = Features;
			sourceTree = "<group>";
		};
		B7A91D852B9F2293007D493A /* App */ = {
			isa = PBXGroup;
			children = (
				B73DE38F2B9B8B2B009BFFCD /* NutrexApp.swift */,
				B7D731B32BA09B9600C94A2D /* AppCoordinator.swift */,
			);
			path = App;
			sourceTree = "<group>";
		};
		B7A91D862B9F22D0007D493A /* Authentication */ = {
			isa = PBXGroup;
			children = (
				B7D731B52BA09C0200C94A2D /* AuthenticationScreen.swift */,
			);
			path = Authentication;
			sourceTree = "<group>";
		};
		B7A91DCC2B9F3817007D493A /* Stores */ = {
			isa = PBXGroup;
			children = (
				B7A91DCD2B9F3839007D493A /* AuthenticationStore.swift */,
				B7A91DD92B9F5E35007D493A /* FireStore.swift */,
			);
			path = Stores;
			sourceTree = "<group>";
		};
		B7A91DCF2B9F3D99007D493A /* Frameworks */ = {
			isa = PBXGroup;
			children = (
			);
			name = Frameworks;
			sourceTree = "<group>";
		};
		B7A91DD62B9F52A3007D493A /* Environment */ = {
			isa = PBXGroup;
			children = (
				B7338FD42BAA429800332486 /* Popups */,
				B7A91DD82B9F52B7007D493A /* Date */,
				B7A91DD72B9F52AB007D493A /* Error */,
			);
			path = Environment;
			sourceTree = "<group>";
		};
		B7A91DD72B9F52AB007D493A /* Error */ = {
			isa = PBXGroup;
			children = (
				B7338FD72BAA434F00332486 /* ErrorEnv.swift */,
				B7338FD92BAA471300332486 /* ErrorWrapper.swift */,
			);
			path = Error;
			sourceTree = "<group>";
		};
		B7A91DD82B9F52B7007D493A /* Date */ = {
			isa = PBXGroup;
			children = (
				B7868C8B2BA77C7C00362341 /* DateEnv.swift */,
			);
			path = Date;
			sourceTree = "<group>";
		};
		B7D731B22BA08C5200C94A2D /* Error */ = {
			isa = PBXGroup;
			children = (
				B7D731B02BA08B4000C94A2D /* AuthErrors.swift */,
			);
			path = Error;
			sourceTree = "<group>";
		};
		B7D731B82BA09C3D00C94A2D /* Nutrition */ = {
			isa = PBXGroup;
			children = (
				B7D731C22BA09D6100C94A2D /* NutritionDiaryScreen.swift */,
			);
			path = Nutrition;
			sourceTree = "<group>";
		};
		B7D731BB2BA09CF400C94A2D /* Helpers */ = {
			isa = PBXGroup;
			children = (
				B7D732432BA0B2EA00C94A2D /* Enums */,
				B7D731BC2BA09D0200C94A2D /* Extensions */,
				B7D731BD2BA09D0700C94A2D /* Modifiers */,
				B7D7320F2BA0A7E100C94A2D /* Utilities */,
			);
			path = Helpers;
			sourceTree = "<group>";
		};
		B7D731BC2BA09D0200C94A2D /* Extensions */ = {
			isa = PBXGroup;
			children = (
				B7D7320C2BA0A3C900C94A2D /* Bundle-Decodable.swift */,
				B7D732122BA0A86F00C94A2D /* DateExt.swift */,
				B742240B2BA1E4AD00A9C0FC /* FontExt.swift */,
				B74224322BA203E900A9C0FC /* ViewExt.swift */,
			);
			path = Extensions;
			sourceTree = "<group>";
		};
		B7D731BD2BA09D0700C94A2D /* Modifiers */ = {
			isa = PBXGroup;
			children = (
				B74224342BA2040D00A9C0FC /* StrokedModifier.swift */,
				B7338FE02BAA4A4E00332486 /* AnimationEffectModifier.swift */,
				B7338FE22BAA4AC800332486 /* PickerStyleModifier.swift */,
			);
			path = Modifiers;
			sourceTree = "<group>";
		};
		B7D731BE2BA09D2000C94A2D /* Components */ = {
			isa = PBXGroup;
			children = (
				B769A08D2BA2558800878070 /* Other */,
				B7338FDB2BAA497600332486 /* Picker */,
				B7338FD12BAA41F100332486 /* Popups */,
				B7384B2B2BA5E9A800A0BDB0 /* Text */,
				B769A0902BA2562400878070 /* Image */,
				B769A08A2BA23F2B00878070 /* Button */,
				B742242F2BA1FDBE00A9C0FC /* Input */,
			);
			path = Components;
			sourceTree = "<group>";
		};
		B7D731BF2BA09D3700C94A2D /* ProfileSetup */ = {
			isa = PBXGroup;
			children = (
				B7D731C02BA09D4D00C94A2D /* ProfileSetupScreen.swift */,
			);
			path = ProfileSetup;
			sourceTree = "<group>";
		};
		B7D731C92BA09FF200C94A2D /* Stores */ = {
			isa = PBXGroup;
			children = (
				B7D731CA2BA0A00100C94A2D /* CoreDataController.swift */,
				B7C89B742BA38846001B7B46 /* UserStore.swift */,
				B7D50E742BA7BC9800DF0E51 /* FirebaseStore.swift */,
			);
			path = Stores;
			sourceTree = "<group>";
		};
		B7D731FC2BA0A08E00C94A2D /* User */ = {
			isa = PBXGroup;
			children = (
				B7D731FD2BA0A12400C94A2D /* User+CoreDataClass.swift */,
				B7D731FE2BA0A12400C94A2D /* User+CoreDataProperties.swift */,
			);
			path = User;
			sourceTree = "<group>";
		};
		B7D732012BA0A12800C94A2D /* DailyNutrition */ = {
			isa = PBXGroup;
			children = (
				B7D731CE2BA0A08300C94A2D /* DailyNutrition+CoreDataClass.swift */,
				B7D731CF2BA0A08300C94A2D /* DailyNutrition+CoreDataProperties.swift */,
			);
			path = DailyNutrition;
			sourceTree = "<group>";
		};
		B7D732022BA0A13500C94A2D /* Diary */ = {
			isa = PBXGroup;
			children = (
				B7D731D02BA0A08300C94A2D /* Diary+CoreDataClass.swift */,
				B7D731D12BA0A08300C94A2D /* Diary+CoreDataProperties.swift */,
			);
			path = Diary;
			sourceTree = "<group>";
		};
		B7D732032BA0A14200C94A2D /* MeasurementUnit */ = {
			isa = PBXGroup;
			children = (
				B7D731D22BA0A08300C94A2D /* MeasurementUnit+CoreDataClass.swift */,
				B7D731D32BA0A08400C94A2D /* MeasurementUnit+CoreDataProperties.swift */,
			);
			path = MeasurementUnit;
			sourceTree = "<group>";
		};
		B7D732042BA0A15800C94A2D /* Exercise */ = {
			isa = PBXGroup;
			children = (
				B7D731D42BA0A08400C94A2D /* Exercise+CoreDataClass.swift */,
				B7D731D52BA0A08400C94A2D /* Exercise+CoreDataProperties.swift */,
			);
			path = Exercise;
			sourceTree = "<group>";
		};
		B7D732052BA0A16300C94A2D /* RoutineMeal */ = {
			isa = PBXGroup;
			children = (
				B7D731D62BA0A08400C94A2D /* RoutineMeal+CoreDataClass.swift */,
				B7D731D72BA0A08400C94A2D /* RoutineMeal+CoreDataProperties.swift */,
			);
			path = RoutineMeal;
			sourceTree = "<group>";
		};
		B7D732062BA0A16E00C94A2D /* Meal */ = {
			isa = PBXGroup;
			children = (
				B7D731D82BA0A08400C94A2D /* Meal+CoreDataClass.swift */,
				B7D731D92BA0A08400C94A2D /* Meal+CoreDataProperties.swift */,
			);
			path = Meal;
			sourceTree = "<group>";
		};
		B7D732072BA0A17900C94A2D /* NutritionalInfo */ = {
			isa = PBXGroup;
			children = (
				B7D731DA2BA0A08400C94A2D /* NutritionalInfo+CoreDataClass.swift */,
				B7D731DB2BA0A08400C94A2D /* NutritionalInfo+CoreDataProperties.swift */,
			);
			path = NutritionalInfo;
			sourceTree = "<group>";
		};
		B7D732082BA0A18600C94A2D /* HistoryItem */ = {
			isa = PBXGroup;
			children = (
				B7D731DC2BA0A08400C94A2D /* HistoryItem+CoreDataClass.swift */,
				B7D731DD2BA0A08400C94A2D /* HistoryItem+CoreDataProperties.swift */,
			);
			path = HistoryItem;
			sourceTree = "<group>";
		};
		B7D732092BA0A19400C94A2D /* DailyWorkout */ = {
			isa = PBXGroup;
			children = (
				B7D731DE2BA0A08400C94A2D /* DailyWorkout+CoreDataClass.swift */,
				B7D731DF2BA0A08400C94A2D /* DailyWorkout+CoreDataProperties.swift */,
			);
			path = DailyWorkout;
			sourceTree = "<group>";
		};
		B7D7320A2BA0A1A200C94A2D /* WorkoutPlan */ = {
			isa = PBXGroup;
			children = (
				B7D731E02BA0A08400C94A2D /* WorkoutPlan+CoreDataClass.swift */,
				B7D731E12BA0A08400C94A2D /* WorkoutPlan+CoreDataProperties.swift */,
			);
			path = WorkoutPlan;
			sourceTree = "<group>";
		};
		B7D7320B2BA0A1B000C94A2D /* Food */ = {
			isa = PBXGroup;
			children = (
				B7D731E22BA0A08400C94A2D /* Food+CoreDataClass.swift */,
				B7D731E32BA0A08400C94A2D /* Food+CoreDataProperties.swift */,
			);
			path = Food;
			sourceTree = "<group>";
		};
		B7D7320F2BA0A7E100C94A2D /* Utilities */ = {
			isa = PBXGroup;
			children = (
				B7D732102BA0A7FA00C94A2D /* NutritionCalc.swift */,
			);
			path = Utilities;
			sourceTree = "<group>";
		};
		B7D732432BA0B2EA00C94A2D /* Enums */ = {
			isa = PBXGroup;
			children = (
				B7D732442BA0B2F800C94A2D /* Fonts.swift */,
			);
			path = Enums;
			sourceTree = "<group>";
		};
/* End PBXGroup section */

/* Begin PBXNativeTarget section */
		B73DE38B2B9B8B2B009BFFCD /* Nutrex */ = {
			isa = PBXNativeTarget;
			buildConfigurationList = B73DE39A2B9B8B2D009BFFCD /* Build configuration list for PBXNativeTarget "Nutrex" */;
			buildPhases = (
				B73DE3882B9B8B2B009BFFCD /* Sources */,
				B73DE3892B9B8B2B009BFFCD /* Frameworks */,
				B73DE38A2B9B8B2B009BFFCD /* Resources */,
			);
			buildRules = (
			);
			dependencies = (
			);
			name = Nutrex;
			packageProductDependencies = (
				B7A91DC22B9F35A9007D493A /* FirebaseAnalytics */,
				B7A91DC42B9F35A9007D493A /* FirebaseAnalyticsOnDeviceConversion */,
				B7A91DC62B9F35A9007D493A /* FirebaseAnalyticsSwift */,
				B7A91DC82B9F35A9007D493A /* FirebaseAnalyticsWithoutAdIdSupport */,
				B7A91DCA2B9F35A9007D493A /* FirebaseAppCheck */,
				B7A91DD22B9F3DFC007D493A /* FirebaseFirestoreSwift */,
				B7A91DD42B9F3E11007D493A /* FirebaseAuth */,
			);
			productName = Nutrex;
			productReference = B73DE38C2B9B8B2B009BFFCD /* Nutrex.app */;
			productType = "com.apple.product-type.application";
		};
/* End PBXNativeTarget section */

/* Begin PBXProject section */
		B73DE3842B9B8B2A009BFFCD /* Project object */ = {
			isa = PBXProject;
			attributes = {
				BuildIndependentTargetsInParallel = 1;
				LastSwiftUpdateCheck = 1510;
				LastUpgradeCheck = 1510;
				TargetAttributes = {
					B73DE38B2B9B8B2B009BFFCD = {
						CreatedOnToolsVersion = 15.1;
					};
				};
			};
			buildConfigurationList = B73DE3872B9B8B2A009BFFCD /* Build configuration list for PBXProject "Nutrex" */;
			compatibilityVersion = "Xcode 14.0";
			developmentRegion = en;
			hasScannedForEncodings = 0;
			knownRegions = (
				en,
				Base,
			);
			mainGroup = B73DE3832B9B8B2A009BFFCD;
			packageReferences = (
				B7A91DC12B9F35A9007D493A /* XCRemoteSwiftPackageReference "firebase-ios-sdk" */,
			);
			productRefGroup = B73DE38D2B9B8B2B009BFFCD /* Products */;
			projectDirPath = "";
			projectRoot = "";
			targets = (
				B73DE38B2B9B8B2B009BFFCD /* Nutrex */,
			);
		};
/* End PBXProject section */

/* Begin PBXResourcesBuildPhase section */
		B73DE38A2B9B8B2B009BFFCD /* Resources */ = {
			isa = PBXResourcesBuildPhase;
			buildActionMask = 2147483647;
			files = (
				B74224242BA1F14D00A9C0FC /* Orbitron-Regular.ttf in Resources */,
				B73DE3972B9B8B2D009BFFCD /* Preview Assets.xcassets in Resources */,
				B7E2DE182BA329EE0084FD23 /* Ubuntu-MediumItalic.ttf in Resources */,
				B7E2DE152BA329EE0084FD23 /* Ubuntu-LightItalic.ttf in Resources */,
				B7E2DE1B2BA329EE0084FD23 /* Ubuntu-Bold.ttf in Resources */,
				B74224212BA1F14D00A9C0FC /* Orbitron-Bold.ttf in Resources */,
				B7D731C82BA09F9100C94A2D /* Foods.json in Resources */,
				B742241A2BA1F0E400A9C0FC /* Neuropolitical.ttf in Resources */,
				B73DE3942B9B8B2D009BFFCD /* Assets.xcassets in Resources */,
				B74224232BA1F14D00A9C0FC /* Orbitron-ExtraBold.ttf in Resources */,
				B74224222BA1F14D00A9C0FC /* Orbitron-Medium.ttf in Resources */,
				B74224252BA1F14D00A9C0FC /* Orbitron-Black.ttf in Resources */,
				B74224282BA1F1A100A9C0FC /* BlackOpsOne-Regular.ttf in Resources */,
				B7E2DE142BA329EE0084FD23 /* Ubuntu-Light.ttf in Resources */,
				B74224262BA1F14D00A9C0FC /* Orbitron-SemiBold.ttf in Resources */,
				B7E2DE1A2BA329EE0084FD23 /* Ubuntu-Medium.ttf in Resources */,
				B7E2DE172BA329EE0084FD23 /* Ubuntu-Italic.ttf in Resources */,
				B7A91D8A2B9F280D007D493A /* Launch Screen.storyboard in Resources */,
				B7E2DE192BA329EE0084FD23 /* Ubuntu-BoldItalic.ttf in Resources */,
				B74223EE2BA1E1FA00A9C0FC /* Audiowide-Regular.ttf in Resources */,
				B7C89B772BA3AD0E001B7B46 /* GoogleService-Info.plist in Resources */,
			);
			runOnlyForDeploymentPostprocessing = 0;
		};
/* End PBXResourcesBuildPhase section */

/* Begin PBXSourcesBuildPhase section */
		B73DE3882B9B8B2B009BFFCD /* Sources */ = {
			isa = PBXSourcesBuildPhase;
			buildActionMask = 2147483647;
			files = (
				B7D731F92BA0A08400C94A2D /* WorkoutPlan+CoreDataProperties.swift in Sources */,
				B7A91DCE2B9F3839007D493A /* AuthenticationStore.swift in Sources */,
				B7D731E62BA0A08400C94A2D /* DailyNutrition+CoreDataClass.swift in Sources */,
				B769A08C2BA23F5000878070 /* NXButton.swift in Sources */,
				B7D732132BA0A86F00C94A2D /* DateExt.swift in Sources */,
				B74224332BA203E900A9C0FC /* ViewExt.swift in Sources */,
				B7C89B752BA38846001B7B46 /* UserStore.swift in Sources */,
				B7868C8C2BA77C7C00362341 /* DateEnv.swift in Sources */,
				B7D731F12BA0A08400C94A2D /* Meal+CoreDataProperties.swift in Sources */,
				B7D50E752BA7BC9800DF0E51 /* FirebaseStore.swift in Sources */,
				B742240C2BA1E4AD00A9C0FC /* FontExt.swift in Sources */,
				B7338FE52BAA4C2600332486 /* MessageSheetView.swift in Sources */,
				B7D731F52BA0A08400C94A2D /* HistoryItem+CoreDataProperties.swift in Sources */,
				B7338FD82BAA434F00332486 /* ErrorEnv.swift in Sources */,
				B7D731EB2BA0A08400C94A2D /* MeasurementUnit+CoreDataProperties.swift in Sources */,
				B7384B312BA5F71800A0BDB0 /* WheelPicker.swift in Sources */,
				B7D731F42BA0A08400C94A2D /* HistoryItem+CoreDataClass.swift in Sources */,
				B7D731EF2BA0A08400C94A2D /* RoutineMeal+CoreDataProperties.swift in Sources */,
				B7338FD32BAA420500332486 /* ToastView.swift in Sources */,
				B7338FDF2BAA4A0100332486 /* NXSegmentedPicker.swift in Sources */,
				B7D731FF2BA0A12400C94A2D /* User+CoreDataClass.swift in Sources */,
				B7D731C62BA09ECD00C94A2D /* NutrexDataModel.xcdatamodeld in Sources */,
				B7D731FB2BA0A08400C94A2D /* Food+CoreDataProperties.swift in Sources */,
				B7D731E82BA0A08400C94A2D /* Diary+CoreDataClass.swift in Sources */,
				B7D7320D2BA0A3C900C94A2D /* Bundle-Decodable.swift in Sources */,
				B769A08F2BA2559B00878070 /* Separator.swift in Sources */,
				B7D731F62BA0A08400C94A2D /* DailyWorkout+CoreDataClass.swift in Sources */,
				B7D731CB2BA0A00100C94A2D /* CoreDataController.swift in Sources */,
				B7D731B62BA09C0200C94A2D /* AuthenticationScreen.swift in Sources */,
				B74224352BA2040D00A9C0FC /* StrokedModifier.swift in Sources */,
				B7D731C32BA09D6100C94A2D /* NutritionDiaryScreen.swift in Sources */,
				B7338FE32BAA4AC800332486 /* PickerStyleModifier.swift in Sources */,
				B74224312BA1FDF100A9C0FC /* NXFormField.swift in Sources */,
				B769A0922BA2563B00878070 /* NXIcon.swift in Sources */,
				B7A91DDA2B9F5E35007D493A /* FireStore.swift in Sources */,
				B7D731F02BA0A08400C94A2D /* Meal+CoreDataClass.swift in Sources */,
				B7D731F22BA0A08400C94A2D /* NutritionalInfo+CoreDataClass.swift in Sources */,
				B7D731F72BA0A08400C94A2D /* DailyWorkout+CoreDataProperties.swift in Sources */,
				B7D732112BA0A7FA00C94A2D /* NutritionCalc.swift in Sources */,
				B7384B2D2BA5E9BC00A0BDB0 /* AnimatedText.swift in Sources */,
				B7D731B42BA09B9600C94A2D /* AppCoordinator.swift in Sources */,
				B7D731EC2BA0A08400C94A2D /* Exercise+CoreDataClass.swift in Sources */,
				B7D731C12BA09D4D00C94A2D /* ProfileSetupScreen.swift in Sources */,
				B7D731B12BA08B4000C94A2D /* AuthErrors.swift in Sources */,
				B7D731FA2BA0A08400C94A2D /* Food+CoreDataClass.swift in Sources */,
				B7D731EE2BA0A08400C94A2D /* RoutineMeal+CoreDataClass.swift in Sources */,
				B7D731E92BA0A08400C94A2D /* Diary+CoreDataProperties.swift in Sources */,
				B7D731E72BA0A08400C94A2D /* DailyNutrition+CoreDataProperties.swift in Sources */,
				B7D731ED2BA0A08400C94A2D /* Exercise+CoreDataProperties.swift in Sources */,
				B7D731F32BA0A08400C94A2D /* NutritionalInfo+CoreDataProperties.swift in Sources */,
				B742242C2BA1FAB200A9C0FC /* AppLogo.swift in Sources */,
				B7338FDA2BAA471300332486 /* ErrorWrapper.swift in Sources */,
				B7D732002BA0A12400C94A2D /* User+CoreDataProperties.swift in Sources */,
				B71DC3062BA4F35500F423AC /* NXRadioButton.swift in Sources */,
				B73DE3902B9B8B2B009BFFCD /* NutrexApp.swift in Sources */,
				B7338FD62BAA42AC00332486 /* ToastEnv.swift in Sources */,
				B7D731F82BA0A08400C94A2D /* WorkoutPlan+CoreDataClass.swift in Sources */,
				B7D732452BA0B2F800C94A2D /* Fonts.swift in Sources */,
				B7D731EA2BA0A08400C94A2D /* MeasurementUnit+CoreDataClass.swift in Sources */,
				B7338FE12BAA4A4E00332486 /* AnimationEffectModifier.swift in Sources */,
				B7E2DE1D2BA350080084FD23 /* LoadingScreen.swift in Sources */,
			);
			runOnlyForDeploymentPostprocessing = 0;
		};
/* End PBXSourcesBuildPhase section */

/* Begin XCBuildConfiguration section */
		B73DE3982B9B8B2D009BFFCD /* Debug */ = {
			isa = XCBuildConfiguration;
			buildSettings = {
				ALWAYS_SEARCH_USER_PATHS = NO;
				ASSETCATALOG_COMPILER_GENERATE_SWIFT_ASSET_SYMBOL_EXTENSIONS = YES;
				CLANG_ANALYZER_NONNULL = YES;
				CLANG_ANALYZER_NUMBER_OBJECT_CONVERSION = YES_AGGRESSIVE;
				CLANG_CXX_LANGUAGE_STANDARD = "gnu++20";
				CLANG_ENABLE_MODULES = YES;
				CLANG_ENABLE_OBJC_ARC = YES;
				CLANG_ENABLE_OBJC_WEAK = YES;
				CLANG_WARN_BLOCK_CAPTURE_AUTORELEASING = YES;
				CLANG_WARN_BOOL_CONVERSION = YES;
				CLANG_WARN_COMMA = YES;
				CLANG_WARN_CONSTANT_CONVERSION = YES;
				CLANG_WARN_DEPRECATED_OBJC_IMPLEMENTATIONS = YES;
				CLANG_WARN_DIRECT_OBJC_ISA_USAGE = YES_ERROR;
				CLANG_WARN_DOCUMENTATION_COMMENTS = YES;
				CLANG_WARN_EMPTY_BODY = YES;
				CLANG_WARN_ENUM_CONVERSION = YES;
				CLANG_WARN_INFINITE_RECURSION = YES;
				CLANG_WARN_INT_CONVERSION = YES;
				CLANG_WARN_NON_LITERAL_NULL_CONVERSION = YES;
				CLANG_WARN_OBJC_IMPLICIT_RETAIN_SELF = YES;
				CLANG_WARN_OBJC_LITERAL_CONVERSION = YES;
				CLANG_WARN_OBJC_ROOT_CLASS = YES_ERROR;
				CLANG_WARN_QUOTED_INCLUDE_IN_FRAMEWORK_HEADER = YES;
				CLANG_WARN_RANGE_LOOP_ANALYSIS = YES;
				CLANG_WARN_STRICT_PROTOTYPES = YES;
				CLANG_WARN_SUSPICIOUS_MOVE = YES;
				CLANG_WARN_UNGUARDED_AVAILABILITY = YES_AGGRESSIVE;
				CLANG_WARN_UNREACHABLE_CODE = YES;
				CLANG_WARN__DUPLICATE_METHOD_MATCH = YES;
				COPY_PHASE_STRIP = NO;
				DEBUG_INFORMATION_FORMAT = dwarf;
				ENABLE_STRICT_OBJC_MSGSEND = YES;
				ENABLE_TESTABILITY = YES;
				ENABLE_USER_SCRIPT_SANDBOXING = YES;
				GCC_C_LANGUAGE_STANDARD = gnu17;
				GCC_DYNAMIC_NO_PIC = NO;
				GCC_NO_COMMON_BLOCKS = YES;
				GCC_OPTIMIZATION_LEVEL = 0;
				GCC_PREPROCESSOR_DEFINITIONS = (
					"DEBUG=1",
					"$(inherited)",
				);
				GCC_WARN_64_TO_32_BIT_CONVERSION = YES;
				GCC_WARN_ABOUT_RETURN_TYPE = YES_ERROR;
				GCC_WARN_UNDECLARED_SELECTOR = YES;
				GCC_WARN_UNINITIALIZED_AUTOS = YES_AGGRESSIVE;
				GCC_WARN_UNUSED_FUNCTION = YES;
				GCC_WARN_UNUSED_VARIABLE = YES;
				IPHONEOS_DEPLOYMENT_TARGET = 17.0;
				LOCALIZATION_PREFERS_STRING_CATALOGS = YES;
				MTL_ENABLE_DEBUG_INFO = INCLUDE_SOURCE;
				MTL_FAST_MATH = YES;
				ONLY_ACTIVE_ARCH = YES;
				SDKROOT = iphoneos;
				SWIFT_ACTIVE_COMPILATION_CONDITIONS = "DEBUG $(inherited)";
				SWIFT_OPTIMIZATION_LEVEL = "-Onone";
			};
			name = Debug;
		};
		B73DE3992B9B8B2D009BFFCD /* Release */ = {
			isa = XCBuildConfiguration;
			buildSettings = {
				ALWAYS_SEARCH_USER_PATHS = NO;
				ASSETCATALOG_COMPILER_GENERATE_SWIFT_ASSET_SYMBOL_EXTENSIONS = YES;
				CLANG_ANALYZER_NONNULL = YES;
				CLANG_ANALYZER_NUMBER_OBJECT_CONVERSION = YES_AGGRESSIVE;
				CLANG_CXX_LANGUAGE_STANDARD = "gnu++20";
				CLANG_ENABLE_MODULES = YES;
				CLANG_ENABLE_OBJC_ARC = YES;
				CLANG_ENABLE_OBJC_WEAK = YES;
				CLANG_WARN_BLOCK_CAPTURE_AUTORELEASING = YES;
				CLANG_WARN_BOOL_CONVERSION = YES;
				CLANG_WARN_COMMA = YES;
				CLANG_WARN_CONSTANT_CONVERSION = YES;
				CLANG_WARN_DEPRECATED_OBJC_IMPLEMENTATIONS = YES;
				CLANG_WARN_DIRECT_OBJC_ISA_USAGE = YES_ERROR;
				CLANG_WARN_DOCUMENTATION_COMMENTS = YES;
				CLANG_WARN_EMPTY_BODY = YES;
				CLANG_WARN_ENUM_CONVERSION = YES;
				CLANG_WARN_INFINITE_RECURSION = YES;
				CLANG_WARN_INT_CONVERSION = YES;
				CLANG_WARN_NON_LITERAL_NULL_CONVERSION = YES;
				CLANG_WARN_OBJC_IMPLICIT_RETAIN_SELF = YES;
				CLANG_WARN_OBJC_LITERAL_CONVERSION = YES;
				CLANG_WARN_OBJC_ROOT_CLASS = YES_ERROR;
				CLANG_WARN_QUOTED_INCLUDE_IN_FRAMEWORK_HEADER = YES;
				CLANG_WARN_RANGE_LOOP_ANALYSIS = YES;
				CLANG_WARN_STRICT_PROTOTYPES = YES;
				CLANG_WARN_SUSPICIOUS_MOVE = YES;
				CLANG_WARN_UNGUARDED_AVAILABILITY = YES_AGGRESSIVE;
				CLANG_WARN_UNREACHABLE_CODE = YES;
				CLANG_WARN__DUPLICATE_METHOD_MATCH = YES;
				COPY_PHASE_STRIP = NO;
				DEBUG_INFORMATION_FORMAT = "dwarf-with-dsym";
				ENABLE_NS_ASSERTIONS = NO;
				ENABLE_STRICT_OBJC_MSGSEND = YES;
				ENABLE_USER_SCRIPT_SANDBOXING = YES;
				GCC_C_LANGUAGE_STANDARD = gnu17;
				GCC_NO_COMMON_BLOCKS = YES;
				GCC_WARN_64_TO_32_BIT_CONVERSION = YES;
				GCC_WARN_ABOUT_RETURN_TYPE = YES_ERROR;
				GCC_WARN_UNDECLARED_SELECTOR = YES;
				GCC_WARN_UNINITIALIZED_AUTOS = YES_AGGRESSIVE;
				GCC_WARN_UNUSED_FUNCTION = YES;
				GCC_WARN_UNUSED_VARIABLE = YES;
				IPHONEOS_DEPLOYMENT_TARGET = 17.0;
				LOCALIZATION_PREFERS_STRING_CATALOGS = YES;
				MTL_ENABLE_DEBUG_INFO = NO;
				MTL_FAST_MATH = YES;
				SDKROOT = iphoneos;
				SWIFT_COMPILATION_MODE = wholemodule;
				VALIDATE_PRODUCT = YES;
			};
			name = Release;
		};
		B73DE39B2B9B8B2D009BFFCD /* Debug */ = {
			isa = XCBuildConfiguration;
			buildSettings = {
				ASSETCATALOG_COMPILER_APPICON_NAME = AppIcon;
				ASSETCATALOG_COMPILER_GLOBAL_ACCENT_COLOR_NAME = AccentColor;
				CODE_SIGN_STYLE = Automatic;
				CURRENT_PROJECT_VERSION = 1;
				DEVELOPMENT_ASSET_PATHS = "\"Nutrex/Source\"";
				DEVELOPMENT_TEAM = 842Q2Y29VQ;
				ENABLE_PREVIEWS = YES;
				GENERATE_INFOPLIST_FILE = YES;
				INFOPLIST_FILE = Nutrex/Info.plist;
				INFOPLIST_KEY_CFBundleDisplayName = NUTRIX;
				INFOPLIST_KEY_LSApplicationCategoryType = "public.app-category.healthcare-fitness";
				INFOPLIST_KEY_UIApplicationSceneManifest_Generation = YES;
				INFOPLIST_KEY_UIApplicationSupportsIndirectInputEvents = YES;
				INFOPLIST_KEY_UILaunchScreen_Generation = YES;
				INFOPLIST_KEY_UILaunchStoryboardName = "Launch Screen.storyboard";
				INFOPLIST_KEY_UISupportedInterfaceOrientations = "UIInterfaceOrientationLandscapeLeft UIInterfaceOrientationLandscapeRight UIInterfaceOrientationPortrait";
				INFOPLIST_KEY_UISupportedInterfaceOrientations_iPad = "UIInterfaceOrientationLandscapeLeft UIInterfaceOrientationLandscapeRight UIInterfaceOrientationPortrait UIInterfaceOrientationPortraitUpsideDown";
				IPHONEOS_DEPLOYMENT_TARGET = 17.0;
				LD_RUNPATH_SEARCH_PATHS = (
					"$(inherited)",
					"@executable_path/Frameworks",
				);
				MARKETING_VERSION = 1.0;
				PRODUCT_BUNDLE_IDENTIFIER = com.ziadahmed.Nutrex;
				PRODUCT_NAME = "$(TARGET_NAME)";
				SWIFT_EMIT_LOC_STRINGS = YES;
				SWIFT_VERSION = 5.0;
				TARGETED_DEVICE_FAMILY = "1,2";
			};
			name = Debug;
		};
		B73DE39C2B9B8B2D009BFFCD /* Release */ = {
			isa = XCBuildConfiguration;
			buildSettings = {
				ASSETCATALOG_COMPILER_APPICON_NAME = AppIcon;
				ASSETCATALOG_COMPILER_GLOBAL_ACCENT_COLOR_NAME = AccentColor;
				CODE_SIGN_STYLE = Automatic;
				CURRENT_PROJECT_VERSION = 1;
				DEVELOPMENT_ASSET_PATHS = "\"Nutrex/Source\"";
				DEVELOPMENT_TEAM = 842Q2Y29VQ;
				ENABLE_PREVIEWS = YES;
				GENERATE_INFOPLIST_FILE = YES;
				INFOPLIST_FILE = Nutrex/Info.plist;
				INFOPLIST_KEY_CFBundleDisplayName = NUTRIX;
				INFOPLIST_KEY_LSApplicationCategoryType = "public.app-category.healthcare-fitness";
				INFOPLIST_KEY_UIApplicationSceneManifest_Generation = YES;
				INFOPLIST_KEY_UIApplicationSupportsIndirectInputEvents = YES;
				INFOPLIST_KEY_UILaunchScreen_Generation = YES;
				INFOPLIST_KEY_UILaunchStoryboardName = "Launch Screen.storyboard";
				INFOPLIST_KEY_UISupportedInterfaceOrientations = "UIInterfaceOrientationLandscapeLeft UIInterfaceOrientationLandscapeRight UIInterfaceOrientationPortrait";
				INFOPLIST_KEY_UISupportedInterfaceOrientations_iPad = "UIInterfaceOrientationLandscapeLeft UIInterfaceOrientationLandscapeRight UIInterfaceOrientationPortrait UIInterfaceOrientationPortraitUpsideDown";
				IPHONEOS_DEPLOYMENT_TARGET = 17.0;
				LD_RUNPATH_SEARCH_PATHS = (
					"$(inherited)",
					"@executable_path/Frameworks",
				);
				MARKETING_VERSION = 1.0;
				PRODUCT_BUNDLE_IDENTIFIER = com.ziadahmed.Nutrex;
				PRODUCT_NAME = "$(TARGET_NAME)";
				SWIFT_EMIT_LOC_STRINGS = YES;
				SWIFT_VERSION = 5.0;
				TARGETED_DEVICE_FAMILY = "1,2";
			};
			name = Release;
		};
/* End XCBuildConfiguration section */

/* Begin XCConfigurationList section */
		B73DE3872B9B8B2A009BFFCD /* Build configuration list for PBXProject "Nutrex" */ = {
			isa = XCConfigurationList;
			buildConfigurations = (
				B73DE3982B9B8B2D009BFFCD /* Debug */,
				B73DE3992B9B8B2D009BFFCD /* Release */,
			);
			defaultConfigurationIsVisible = 0;
			defaultConfigurationName = Release;
		};
		B73DE39A2B9B8B2D009BFFCD /* Build configuration list for PBXNativeTarget "Nutrex" */ = {
			isa = XCConfigurationList;
			buildConfigurations = (
				B73DE39B2B9B8B2D009BFFCD /* Debug */,
				B73DE39C2B9B8B2D009BFFCD /* Release */,
			);
			defaultConfigurationIsVisible = 0;
			defaultConfigurationName = Release;
		};
/* End XCConfigurationList section */

/* Begin XCRemoteSwiftPackageReference section */
		B7A91DC12B9F35A9007D493A /* XCRemoteSwiftPackageReference "firebase-ios-sdk" */ = {
			isa = XCRemoteSwiftPackageReference;
			repositoryURL = "https://github.com/firebase/firebase-ios-sdk.git";
			requirement = {
				kind = upToNextMajorVersion;
				minimumVersion = 10.22.1;
			};
		};
/* End XCRemoteSwiftPackageReference section */

/* Begin XCSwiftPackageProductDependency section */
		B7A91DC22B9F35A9007D493A /* FirebaseAnalytics */ = {
			isa = XCSwiftPackageProductDependency;
			package = B7A91DC12B9F35A9007D493A /* XCRemoteSwiftPackageReference "firebase-ios-sdk" */;
			productName = FirebaseAnalytics;
		};
		B7A91DC42B9F35A9007D493A /* FirebaseAnalyticsOnDeviceConversion */ = {
			isa = XCSwiftPackageProductDependency;
			package = B7A91DC12B9F35A9007D493A /* XCRemoteSwiftPackageReference "firebase-ios-sdk" */;
			productName = FirebaseAnalyticsOnDeviceConversion;
		};
		B7A91DC62B9F35A9007D493A /* FirebaseAnalyticsSwift */ = {
			isa = XCSwiftPackageProductDependency;
			package = B7A91DC12B9F35A9007D493A /* XCRemoteSwiftPackageReference "firebase-ios-sdk" */;
			productName = FirebaseAnalyticsSwift;
		};
		B7A91DC82B9F35A9007D493A /* FirebaseAnalyticsWithoutAdIdSupport */ = {
			isa = XCSwiftPackageProductDependency;
			package = B7A91DC12B9F35A9007D493A /* XCRemoteSwiftPackageReference "firebase-ios-sdk" */;
			productName = FirebaseAnalyticsWithoutAdIdSupport;
		};
		B7A91DCA2B9F35A9007D493A /* FirebaseAppCheck */ = {
			isa = XCSwiftPackageProductDependency;
			package = B7A91DC12B9F35A9007D493A /* XCRemoteSwiftPackageReference "firebase-ios-sdk" */;
			productName = FirebaseAppCheck;
		};
		B7A91DD22B9F3DFC007D493A /* FirebaseFirestoreSwift */ = {
			isa = XCSwiftPackageProductDependency;
			package = B7A91DC12B9F35A9007D493A /* XCRemoteSwiftPackageReference "firebase-ios-sdk" */;
			productName = FirebaseFirestoreSwift;
		};
		B7A91DD42B9F3E11007D493A /* FirebaseAuth */ = {
			isa = XCSwiftPackageProductDependency;
			package = B7A91DC12B9F35A9007D493A /* XCRemoteSwiftPackageReference "firebase-ios-sdk" */;
			productName = FirebaseAuth;
		};
/* End XCSwiftPackageProductDependency section */

/* Begin XCVersionGroup section */
		B7D731C42BA09ECD00C94A2D /* NutrexDataModel.xcdatamodeld */ = {
			isa = XCVersionGroup;
			children = (
				B7D731C52BA09ECD00C94A2D /* NutrexDataModel.xcdatamodel */,
			);
			currentVersion = B7D731C52BA09ECD00C94A2D /* NutrexDataModel.xcdatamodel */;
			path = NutrexDataModel.xcdatamodeld;
			sourceTree = "<group>";
			versionGroupType = wrapper.xcdatamodel;
		};
/* End XCVersionGroup section */
	};
	rootObject = B73DE3842B9B8B2A009BFFCD /* Project object */;
}
